
Microsoft Visual Studio Solution File, Format Version 12.00
# Visual Studio Version 16
VisualStudioVersion = 16.0.30114.105
MinimumVisualStudioVersion = 10.0.40219.1
Project("{FAE04EC0-301F-11D3-BF4B-00C04F79EFBC}") = "BigBuffers.Runtime", "BigBuffers.Runtime\BigBuffers.Runtime.csproj", "{3D4EFDBC-26CF-44B5-B2BE-DC69A9CCE1D5}"
EndProject
Project("{FAE04EC0-301F-11D3-BF4B-00C04F79EFBC}") = "BigBuffers.Tests.GeneratedFixture", "BigBuffers.Tests.GeneratedFixture\BigBuffers.Tests.GeneratedFixture.csproj", "{CB577AA6-96FD-4DC7-BEC3-C63DAC68C7B7}"
EndProject
Project("{FAE04EC0-301F-11D3-BF4B-00C04F79EFBC}") = "BigBuffers.Tests.Monster", "BigBuffers.Tests.Monster\BigBuffers.Tests.Monster.csproj", "{FFDA7A94-0EB5-426D-8E7C-56502821C7AA}"
EndProject
Project("{FAE04EC0-301F-11D3-BF4B-00C04F79EFBC}") = "BigBuffers.JsonParsing", "BigBuffers.JsonParsing\BigBuffers.JsonParsing.csproj", "{93B293D0-04AF-4895-B53D-32FDF79C428F}"
EndProject
Project("{FAE04EC0-301F-11D3-BF4B-00C04F79EFBC}") = "BigBuffers.Xpc", "BigBuffers.Xpc\BigBuffers.Xpc.csproj", "{699EABC5-6CC0-48B5-B9AE-E97154805794}"
EndProject
Project("{FAE04EC0-301F-11D3-BF4B-00C04F79EFBC}") = "BigBuffers.Tests", "BigBuffers.Tests\BigBuffers.Tests.csproj", "{28092F9F-A4D8-4DD4-A9C9-A533963EA401}"
EndProject
Project("{2150E333-8FDC-42A3-9474-1A3956D46DE8}") = "Configuration", "Configuration", "{5611A3DF-2E00-40B5-811B-718BAD640DE5}"
ProjectSection(SolutionItems) = preProject
	nuget.config = nuget.config
	Version.proj = Version.proj
	global.json = global.json
EndProjectSection
EndProject
Project("{FAE04EC0-301F-11D3-BF4B-00C04F79EFBC}") = "BigBuffers.Xpc.Nng", "BigBuffers.Xpc.Nng\BigBuffers.Xpc.Nng.csproj", "{218CE501-C294-4564-A8A2-36A4FFFE0BD9}"
EndProject
Project("{FAE04EC0-301F-11D3-BF4B-00C04F79EFBC}") = "BigBuffers.Xpc.Http", "BigBuffers.Xpc.Http\BigBuffers.Xpc.Http.csproj", "{F11720FB-1143-4E3B-96D8-020F29588A6F}"
EndProject
Project("{FAE04EC0-301F-11D3-BF4B-00C04F79EFBC}") = "BigBuffers.Xpc.ZeroMq", "BigBuffers.Xpc.ZeroMq\BigBuffers.Xpc.ZeroMq.csproj", "{CD240556-80AC-44AA-B635-4FA9867F352A}"
EndProject
Project("{FAE04EC0-301F-11D3-BF4B-00C04F79EFBC}") = "BigBuffers.Tests.Nng", "BigBuffers.Tests.Nng\BigBuffers.Tests.Nng.csproj", "{B8FE92AC-325F-4BC4-A15E-635A0951D331}"
EndProject
Project("{FAE04EC0-301F-11D3-BF4B-00C04F79EFBC}") = "BigBuffers.Xpc.Quic", "BigBuffers.Xpc.Quic\BigBuffers.Xpc.Quic.csproj", "{E3B19415-F73A-4C52-9207-356424180650}"
EndProject
Global
	GlobalSection(SolutionConfigurationPlatforms) = preSolution
		Debug|Any CPU = Debug|Any CPU
		Release|Any CPU = Release|Any CPU
	EndGlobalSection
	GlobalSection(SolutionProperties) = preSolution
		HideSolutionNode = FALSE
	EndGlobalSection
	GlobalSection(ProjectConfigurationPlatforms) = postSolution
		{3D4EFDBC-26CF-44B5-B2BE-DC69A9CCE1D5}.Debug|Any CPU.ActiveCfg = Debug|Any CPU
		{3D4EFDBC-26CF-44B5-B2BE-DC69A9CCE1D5}.Debug|Any CPU.Build.0 = Debug|Any CPU
		{3D4EFDBC-26CF-44B5-B2BE-DC69A9CCE1D5}.Release|Any CPU.ActiveCfg = Release|Any CPU
		{3D4EFDBC-26CF-44B5-B2BE-DC69A9CCE1D5}.Release|Any CPU.Build.0 = Release|Any CPU
		{CB577AA6-96FD-4DC7-BEC3-C63DAC68C7B7}.Debug|Any CPU.ActiveCfg = Debug|Any CPU
		{CB577AA6-96FD-4DC7-BEC3-C63DAC68C7B7}.Debug|Any CPU.Build.0 = Debug|Any CPU
		{CB577AA6-96FD-4DC7-BEC3-C63DAC68C7B7}.Release|Any CPU.ActiveCfg = Release|Any CPU
		{CB577AA6-96FD-4DC7-BEC3-C63DAC68C7B7}.Release|Any CPU.Build.0 = Release|Any CPU
		{FFDA7A94-0EB5-426D-8E7C-56502821C7AA}.Debug|Any CPU.ActiveCfg = Debug|Any CPU
		{FFDA7A94-0EB5-426D-8E7C-56502821C7AA}.Debug|Any CPU.Build.0 = Debug|Any CPU
		{FFDA7A94-0EB5-426D-8E7C-56502821C7AA}.Release|Any CPU.ActiveCfg = Release|Any CPU
		{FFDA7A94-0EB5-426D-8E7C-56502821C7AA}.Release|Any CPU.Build.0 = Release|Any CPU
		{93B293D0-04AF-4895-B53D-32FDF79C428F}.Debug|Any CPU.ActiveCfg = Debug|Any CPU
		{93B293D0-04AF-4895-B53D-32FDF79C428F}.Debug|Any CPU.Build.0 = Debug|Any CPU
		{93B293D0-04AF-4895-B53D-32FDF79C428F}.Release|Any CPU.ActiveCfg = Release|Any CPU
		{93B293D0-04AF-4895-B53D-32FDF79C428F}.Release|Any CPU.Build.0 = Release|Any CPU
		{699EABC5-6CC0-48B5-B9AE-E97154805794}.Debug|Any CPU.ActiveCfg = Debug|Any CPU
		{699EABC5-6CC0-48B5-B9AE-E97154805794}.Debug|Any CPU.Build.0 = Debug|Any CPU
		{699EABC5-6CC0-48B5-B9AE-E97154805794}.Release|Any CPU.ActiveCfg = Release|Any CPU
		{699EABC5-6CC0-48B5-B9AE-E97154805794}.Release|Any CPU.Build.0 = Release|Any CPU
		{28092F9F-A4D8-4DD4-A9C9-A533963EA401}.Debug|Any CPU.ActiveCfg = Debug|Any CPU
		{28092F9F-A4D8-4DD4-A9C9-A533963EA401}.Debug|Any CPU.Build.0 = Debug|Any CPU
		{28092F9F-A4D8-4DD4-A9C9-A533963EA401}.Release|Any CPU.ActiveCfg = Release|Any CPU
		{28092F9F-A4D8-4DD4-A9C9-A533963EA401}.Release|Any CPU.Build.0 = Release|Any CPU
		{218CE501-C294-4564-A8A2-36A4FFFE0BD9}.Debug|Any CPU.ActiveCfg = Debug|Any CPU
		{218CE501-C294-4564-A8A2-36A4FFFE0BD9}.Debug|Any CPU.Build.0 = Debug|Any CPU
		{218CE501-C294-4564-A8A2-36A4FFFE0BD9}.Release|Any CPU.ActiveCfg = Release|Any CPU
		{218CE501-C294-4564-A8A2-36A4FFFE0BD9}.Release|Any CPU.Build.0 = Release|Any CPU
		{F11720FB-1143-4E3B-96D8-020F29588A6F}.Debug|Any CPU.ActiveCfg = Debug|Any CPU
		{F11720FB-1143-4E3B-96D8-020F29588A6F}.Debug|Any CPU.Build.0 = Debug|Any CPU
		{F11720FB-1143-4E3B-96D8-020F29588A6F}.Release|Any CPU.ActiveCfg = Release|Any CPU
		{F11720FB-1143-4E3B-96D8-020F29588A6F}.Release|Any CPU.Build.0 = Release|Any CPU
		{CD240556-80AC-44AA-B635-4FA9867F352A}.Debug|Any CPU.ActiveCfg = Debug|Any CPU
		{CD240556-80AC-44AA-B635-4FA9867F352A}.Debug|Any CPU.Build.0 = Debug|Any CPU
		{CD240556-80AC-44AA-B635-4FA9867F352A}.Release|Any CPU.ActiveCfg = Release|Any CPU
		{CD240556-80AC-44AA-B635-4FA9867F352A}.Release|Any CPU.Build.0 = Release|Any CPU
		{B8FE92AC-325F-4BC4-A15E-635A0951D331}.Debug|Any CPU.ActiveCfg = Debug|Any CPU
		{B8FE92AC-325F-4BC4-A15E-635A0951D331}.Debug|Any CPU.Build.0 = Debug|Any CPU
		{B8FE92AC-325F-4BC4-A15E-635A0951D331}.Release|Any CPU.ActiveCfg = Release|Any CPU
		{B8FE92AC-325F-4BC4-A15E-635A0951D331}.Release|Any CPU.Build.0 = Release|Any CPU
		{E3B19415-F73A-4C52-9207-356424180650}.Debug|Any CPU.ActiveCfg = Debug|Any CPU
		{E3B19415-F73A-4C52-9207-356424180650}.Debug|Any CPU.Build.0 = Debug|Any CPU
		{E3B19415-F73A-4C52-9207-356424180650}.Release|Any CPU.ActiveCfg = Release|Any CPU
		{E3B19415-F73A-4C52-9207-356424180650}.Release|Any CPU.Build.0 = Release|Any CPU
	EndGlobalSection
EndGlobal
